
Microsoft Visual Studio Solution File, Format Version 12.00
# Visual Studio 15
VisualStudioVersion = 15.0.28307.572
MinimumVisualStudioVersion = 10.0.40219.1
Project("{FAE04EC0-301F-11D3-BF4B-00C04F79EFBC}") = "SockBuster", "SockBuster\SockBuster.csproj", "{335107CA-6005-4D7D-B97C-5F2B0FCDA51C}"
EndProject
Global
	GlobalSection(SolutionConfigurationPlatforms) = preSolution
		Debug|Any CPU = Debug|Any CPU
		Release|Any CPU = Release|Any CPU
	EndGlobalSection
	GlobalSection(ProjectConfigurationPlatforms) = postSolution
		{335107CA-6005-4D7D-B97C-5F2B0FCDA51C}.Debug|Any CPU.ActiveCfg = Debug|Any CPU
		{335107CA-6005-4D7D-B97C-5F2B0FCDA51C}.Debug|Any CPU.Build.0 = Debug|Any CPU
		{335107CA-6005-4D7D-B97C-5F2B0FCDA51C}.Release|Any CPU.ActiveCfg = Release|Any CPU
		{335107CA-6005-4D7D-B97C-5F2B0FCDA51C}.Release|Any CPU.Build.0 = Release|Any CPU
	EndGlobalSection
	GlobalSection(SolutionProperties) = preSolution
		HideSolutionNode = FALSE
	EndGlobalSection
	GlobalSection(ExtensibilityGlobals) = postSolution
		SolutionGuid = {A76B87F1-4E39-4EDA-9549-9D0C788CCC6E}
	EndGlobalSection
EndGlobal
